
Microsoft Visual Studio Solution File, Format Version 12.00
# Visual Studio Version 17
VisualStudioVersion = 17.12.35707.178 d17.12
MinimumVisualStudioVersion = 10.0.40219.1
Project("{FAE04EC0-301F-11D3-BF4B-00C04F79EFBC}") = "AppNumeroDaSorte", "AppNumeroDaSorte\AppNumeroDaSorte.csproj", "{B7D4ECD1-948F-4703-922B-92AEF0B6459C}"
EndProject
Project("{2150E333-8FDC-42A3-9474-1A3956D46DE8}") = "App 01", "App 01", "{6F774ABE-DE00-40E1-9298-19D5CA6E7900}"
EndProject
Global
	GlobalSection(SolutionConfigurationPlatforms) = preSolution
		Debug|Any CPU = Debug|Any CPU
		Release|Any CPU = Release|Any CPU
	EndGlobalSection
	GlobalSection(ProjectConfigurationPlatforms) = postSolution
		{B7D4ECD1-948F-4703-922B-92AEF0B6459C}.Debug|Any CPU.ActiveCfg = Debug|Any CPU
		{B7D4ECD1-948F-4703-922B-92AEF0B6459C}.Debug|Any CPU.Build.0 = Debug|Any CPU
		{B7D4ECD1-948F-4703-922B-92AEF0B6459C}.Debug|Any CPU.Deploy.0 = Debug|Any CPU
		{B7D4ECD1-948F-4703-922B-92AEF0B6459C}.Release|Any CPU.ActiveCfg = Release|Any CPU
		{B7D4ECD1-948F-4703-922B-92AEF0B6459C}.Release|Any CPU.Build.0 = Release|Any CPU
	EndGlobalSection
	GlobalSection(SolutionProperties) = preSolution
		HideSolutionNode = FALSE
	EndGlobalSection
	GlobalSection(NestedProjects) = preSolution
		{B7D4ECD1-948F-4703-922B-92AEF0B6459C} = {6F774ABE-DE00-40E1-9298-19D5CA6E7900}
	EndGlobalSection
EndGlobal
